
Microsoft Visual Studio Solution File, Format Version 12.00
# Visual Studio Version 17
VisualStudioVersion = 17.0.31903.59
MinimumVisualStudioVersion = 10.0.40219.1
Project("{FAE04EC0-301F-11D3-BF4B-00C04F79EFBC}") = "VideoDubber.Core", "VideoDubber.Core\VideoDubber.Core.csproj", "{E6074A69-2EA6-4AA1-87E7-774BF3A82108}"
EndProject
Project("{FAE04EC0-301F-11D3-BF4B-00C04F79EFBC}") = "VideoDubber.UI", "VideoDubber.UI\VideoDubber.UI.csproj", "{C10996C2-0269-48EB-A05C-85EBFDF1195F}"
EndProject
Project("{FAE04EC0-301F-11D3-BF4B-00C04F79EFBC}") = "VideoDubber.Core.Tests", "VideoDubber.Core.Tests\VideoDubber.Core.Tests.csproj", "{2AE3C6FE-F115-4AB9-9CCD-90807E1D7352}"
EndProject
Project("{FAE04EC0-301F-11D3-BF4B-00C04F79EFBC}") = "VideoDubberRenderCLI", "VideoDubberRenderCLI\VideoDubberRenderCLI.csproj", "{1A4E410F-6BAE-4D5D-ABCA-68A378316040}"
EndProject
Global
	GlobalSection(SolutionConfigurationPlatforms) = preSolution
		Debug|Any CPU = Debug|Any CPU
		Release|Any CPU = Release|Any CPU
	EndGlobalSection
	GlobalSection(SolutionProperties) = preSolution
		HideSolutionNode = FALSE
	EndGlobalSection
	GlobalSection(ProjectConfigurationPlatforms) = postSolution
		{E6074A69-2EA6-4AA1-87E7-774BF3A82108}.Debug|Any CPU.ActiveCfg = Debug|Any CPU
		{E6074A69-2EA6-4AA1-87E7-774BF3A82108}.Debug|Any CPU.Build.0 = Debug|Any CPU
		{E6074A69-2EA6-4AA1-87E7-774BF3A82108}.Release|Any CPU.ActiveCfg = Release|Any CPU
		{E6074A69-2EA6-4AA1-87E7-774BF3A82108}.Release|Any CPU.Build.0 = Release|Any CPU
		{C10996C2-0269-48EB-A05C-85EBFDF1195F}.Debug|Any CPU.ActiveCfg = Debug|Any CPU
		{C10996C2-0269-48EB-A05C-85EBFDF1195F}.Debug|Any CPU.Build.0 = Debug|Any CPU
		{C10996C2-0269-48EB-A05C-85EBFDF1195F}.Release|Any CPU.ActiveCfg = Release|Any CPU
		{C10996C2-0269-48EB-A05C-85EBFDF1195F}.Release|Any CPU.Build.0 = Release|Any CPU
		{2AE3C6FE-F115-4AB9-9CCD-90807E1D7352}.Debug|Any CPU.ActiveCfg = Debug|Any CPU
		{2AE3C6FE-F115-4AB9-9CCD-90807E1D7352}.Debug|Any CPU.Build.0 = Debug|Any CPU
		{2AE3C6FE-F115-4AB9-9CCD-90807E1D7352}.Release|Any CPU.ActiveCfg = Release|Any CPU
		{2AE3C6FE-F115-4AB9-9CCD-90807E1D7352}.Release|Any CPU.Build.0 = Release|Any CPU
		{1A4E410F-6BAE-4D5D-ABCA-68A378316040}.Debug|Any CPU.ActiveCfg = Debug|Any CPU
		{1A4E410F-6BAE-4D5D-ABCA-68A378316040}.Debug|Any CPU.Build.0 = Debug|Any CPU
		{1A4E410F-6BAE-4D5D-ABCA-68A378316040}.Release|Any CPU.ActiveCfg = Release|Any CPU
		{1A4E410F-6BAE-4D5D-ABCA-68A378316040}.Release|Any CPU.Build.0 = Release|Any CPU
	EndGlobalSection
EndGlobal
